// !$*UTF8*$!
{
	archiveVersion = 1;
	classes = {
	};
	objectVersion = 50;
	objects = {

/* Begin PBXBuildFile section */
		102858A226BC05FC00006356 /* Quiz.swift in Sources */ = {isa = PBXBuildFile; fileRef = 102858A126BC05FC00006356 /* Quiz.swift */; };
		443B878326B9B5A500F3CC6C /* AppDelegate.swift in Sources */ = {isa = PBXBuildFile; fileRef = 443B878226B9B5A500F3CC6C /* AppDelegate.swift */; };
		443B878526B9B5A500F3CC6C /* SceneDelegate.swift in Sources */ = {isa = PBXBuildFile; fileRef = 443B878426B9B5A500F3CC6C /* SceneDelegate.swift */; };
		443B878726B9B5A500F3CC6C /* ViewController.swift in Sources */ = {isa = PBXBuildFile; fileRef = 443B878626B9B5A500F3CC6C /* ViewController.swift */; };
		443B878A26B9B5A500F3CC6C /* Main.storyboard in Resources */ = {isa = PBXBuildFile; fileRef = 443B878826B9B5A500F3CC6C /* Main.storyboard */; };
		443B878D26B9B5A500F3CC6C /* Recycl_ED.xcdatamodeld in Sources */ = {isa = PBXBuildFile; fileRef = 443B878B26B9B5A500F3CC6C /* Recycl_ED.xcdatamodeld */; };
		443B878F26B9B5AA00F3CC6C /* Assets.xcassets in Resources */ = {isa = PBXBuildFile; fileRef = 443B878E26B9B5AA00F3CC6C /* Assets.xcassets */; };
		443B879226B9B5AA00F3CC6C /* LaunchScreen.storyboard in Resources */ = {isa = PBXBuildFile; fileRef = 443B879026B9B5AA00F3CC6C /* LaunchScreen.storyboard */; };
		443B879C26BB00EA00F3CC6C /* InfoViewController.swift in Sources */ = {isa = PBXBuildFile; fileRef = 443B879B26BB00EA00F3CC6C /* InfoViewController.swift */; };
/* End PBXBuildFile section */

/* Begin PBXFileReference section */
		102858A126BC05FC00006356 /* Quiz.swift */ = {isa = PBXFileReference; lastKnownFileType = sourcecode.swift; path = Quiz.swift; sourceTree = "<group>"; };
		443B877F26B9B5A500F3CC6C /* Recycl-ED.app */ = {isa = PBXFileReference; explicitFileType = wrapper.application; includeInIndex = 0; path = "Recycl-ED.app"; sourceTree = BUILT_PRODUCTS_DIR; };
		443B878226B9B5A500F3CC6C /* AppDelegate.swift */ = {isa = PBXFileReference; lastKnownFileType = sourcecode.swift; path = AppDelegate.swift; sourceTree = "<group>"; };
		443B878426B9B5A500F3CC6C /* SceneDelegate.swift */ = {isa = PBXFileReference; lastKnownFileType = sourcecode.swift; path = SceneDelegate.swift; sourceTree = "<group>"; };
		443B878626B9B5A500F3CC6C /* ViewController.swift */ = {isa = PBXFileReference; lastKnownFileType = sourcecode.swift; path = ViewController.swift; sourceTree = "<group>"; };
		443B878926B9B5A500F3CC6C /* Base */ = {isa = PBXFileReference; lastKnownFileType = file.storyboard; name = Base; path = Base.lproj/Main.storyboard; sourceTree = "<group>"; };
		443B878C26B9B5A500F3CC6C /* Recycl_ED.xcdatamodel */ = {isa = PBXFileReference; lastKnownFileType = wrapper.xcdatamodel; path = Recycl_ED.xcdatamodel; sourceTree = "<group>"; };
		443B878E26B9B5AA00F3CC6C /* Assets.xcassets */ = {isa = PBXFileReference; lastKnownFileType = folder.assetcatalog; path = Assets.xcassets; sourceTree = "<group>"; };
		443B879126B9B5AA00F3CC6C /* Base */ = {isa = PBXFileReference; lastKnownFileType = file.storyboard; name = Base; path = Base.lproj/LaunchScreen.storyboard; sourceTree = "<group>"; };
		443B879326B9B5AA00F3CC6C /* Info.plist */ = {isa = PBXFileReference; lastKnownFileType = text.plist.xml; path = Info.plist; sourceTree = "<group>"; };
		443B879B26BB00EA00F3CC6C /* InfoViewController.swift */ = {isa = PBXFileReference; lastKnownFileType = sourcecode.swift; path = InfoViewController.swift; sourceTree = "<group>"; };
/* End PBXFileReference section */

/* Begin PBXFrameworksBuildPhase section */
		443B877C26B9B5A500F3CC6C /* Frameworks */ = {
			isa = PBXFrameworksBuildPhase;
			buildActionMask = 2147483647;
			files = (
			);
			runOnlyForDeploymentPostprocessing = 0;
		};
/* End PBXFrameworksBuildPhase section */

/* Begin PBXGroup section */
		443B877626B9B5A500F3CC6C = {
			isa = PBXGroup;
			children = (
				443B878126B9B5A500F3CC6C /* Recycl-ED */,
				443B878026B9B5A500F3CC6C /* Products */,
			);
			sourceTree = "<group>";
		};
		443B878026B9B5A500F3CC6C /* Products */ = {
			isa = PBXGroup;
			children = (
				443B877F26B9B5A500F3CC6C /* Recycl-ED.app */,
			);
			name = Products;
			sourceTree = "<group>";
		};
		443B878126B9B5A500F3CC6C /* Recycl-ED */ = {
			isa = PBXGroup;
			children = (
				443B878226B9B5A500F3CC6C /* AppDelegate.swift */,
				443B878426B9B5A500F3CC6C /* SceneDelegate.swift */,
				443B878626B9B5A500F3CC6C /* ViewController.swift */,
				443B878826B9B5A500F3CC6C /* Main.storyboard */,
				443B879B26BB00EA00F3CC6C /* InfoViewController.swift */,
				443B878E26B9B5AA00F3CC6C /* Assets.xcassets */,
				443B879026B9B5AA00F3CC6C /* LaunchScreen.storyboard */,
				443B879326B9B5AA00F3CC6C /* Info.plist */,
				443B878B26B9B5A500F3CC6C /* Recycl_ED.xcdatamodeld */,
				102858A126BC05FC00006356 /* Quiz.swift */,
			);
			path = "Recycl-ED";
			sourceTree = "<group>";
		};
/* End PBXGroup section */

/* Begin PBXNativeTarget section */
		443B877E26B9B5A500F3CC6C /* Recycl-ED */ = {
			isa = PBXNativeTarget;
			buildConfigurationList = 443B879626B9B5AA00F3CC6C /* Build configuration list for PBXNativeTarget "Recycl-ED" */;
			buildPhases = (
				443B877B26B9B5A500F3CC6C /* Sources */,
				443B877C26B9B5A500F3CC6C /* Frameworks */,
				443B877D26B9B5A500F3CC6C /* Resources */,
			);
			buildRules = (
			);
			dependencies = (
			);
			name = "Recycl-ED";
			productName = "Recycl-ED";
			productReference = 443B877F26B9B5A500F3CC6C /* Recycl-ED.app */;
			productType = "com.apple.product-type.application";
		};
/* End PBXNativeTarget section */

/* Begin PBXProject section */
		443B877726B9B5A500F3CC6C /* Project object */ = {
			isa = PBXProject;
			attributes = {
				LastSwiftUpdateCheck = 1250;
				LastUpgradeCheck = 1250;
				TargetAttributes = {
					443B877E26B9B5A500F3CC6C = {
						CreatedOnToolsVersion = 12.5.1;
					};
				};
			};
			buildConfigurationList = 443B877A26B9B5A500F3CC6C /* Build configuration list for PBXProject "Recycl-ED" */;
			compatibilityVersion = "Xcode 9.3";
			developmentRegion = en;
			hasScannedForEncodings = 0;
			knownRegions = (
				en,
				Base,
			);
			mainGroup = 443B877626B9B5A500F3CC6C;
			productRefGroup = 443B878026B9B5A500F3CC6C /* Products */;
			projectDirPath = "";
			projectRoot = "";
			targets = (
				443B877E26B9B5A500F3CC6C /* Recycl-ED */,
			);
		};
/* End PBXProject section */

/* Begin PBXResourcesBuildPhase section */
		443B877D26B9B5A500F3CC6C /* Resources */ = {
			isa = PBXResourcesBuildPhase;
			buildActionMask = 2147483647;
			files = (
				443B879226B9B5AA00F3CC6C /* LaunchScreen.storyboard in Resources */,
				443B878F26B9B5AA00F3CC6C /* Assets.xcassets in Resources */,
				443B878A26B9B5A500F3CC6C /* Main.storyboard in Resources */,
			);
			runOnlyForDeploymentPostprocessing = 0;
		};
/* End PBXResourcesBuildPhase section */

/* Begin PBXSourcesBuildPhase section */
		443B877B26B9B5A500F3CC6C /* Sources */ = {
			isa = PBXSourcesBuildPhase;
			buildActionMask = 2147483647;
			files = (
				443B878D26B9B5A500F3CC6C /* Recycl_ED.xcdatamodeld in Sources */,
				443B878726B9B5A500F3CC6C /* ViewController.swift in Sources */,
				102858A226BC05FC00006356 /* Quiz.swift in Sources */,
				443B878326B9B5A500F3CC6C /* AppDelegate.swift in Sources */,
				443B879C26BB00EA00F3CC6C /* InfoViewController.swift in Sources */,
				443B878526B9B5A500F3CC6C /* SceneDelegate.swift in Sources */,
			);
			runOnlyForDeploymentPostprocessing = 0;
		};
/* End PBXSourcesBuildPhase section */

/* Begin PBXVariantGroup section */
		443B878826B9B5A500F3CC6C /* Main.storyboard */ = {
			isa = PBXVariantGroup;
			children = (
				443B878926B9B5A500F3CC6C /* Base */,
			);
			name = Main.storyboard;
			sourceTree = "<group>";
		};
		443B879026B9B5AA00F3CC6C /* LaunchScreen.storyboard */ = {
			isa = PBXVariantGroup;
			children = (
				443B879126B9B5AA00F3CC6C /* Base */,
			);
			name = LaunchScreen.storyboard;
			sourceTree = "<group>";
		};
/* End PBXVariantGroup section */

/* Begin XCBuildConfiguration section */
		443B879426B9B5AA00F3CC6C /* Debug */ = {
			isa = XCBuildConfiguration;
			buildSettings = {
				ALWAYS_SEARCH_USER_PATHS = NO;
				CLANG_ANALYZER_NONNULL = YES;
				CLANG_ANALYZER_NUMBER_OBJECT_CONVERSION = YES_AGGRESSIVE;
				CLANG_CXX_LANGUAGE_STANDARD = "gnu++14";
				CLANG_CXX_LIBRARY = "libc++";
				CLANG_ENABLE_MODULES = YES;
				CLANG_ENABLE_OBJC_ARC = YES;
				CLANG_ENABLE_OBJC_WEAK = YES;
				CLANG_WARN_BLOCK_CAPTURE_AUTORELEASING = YES;
				CLANG_WARN_BOOL_CONVERSION = YES;
				CLANG_WARN_COMMA = YES;
				CLANG_WARN_CONSTANT_CONVERSION = YES;
				CLANG_WARN_DEPRECATED_OBJC_IMPLEMENTATIONS = YES;
				CLANG_WARN_DIRECT_OBJC_ISA_USAGE = YES_ERROR;
				CLANG_WARN_DOCUMENTATION_COMMENTS = YES;
				CLANG_WARN_EMPTY_BODY = YES;
				CLANG_WARN_ENUM_CONVERSION = YES;
				CLANG_WARN_INFINITE_RECURSION = YES;
				CLANG_WARN_INT_CONVERSION = YES;
				CLANG_WARN_NON_LITERAL_NULL_CONVERSION = YES;
				CLANG_WARN_OBJC_IMPLICIT_RETAIN_SELF = YES;
				CLANG_WARN_OBJC_LITERAL_CONVERSION = YES;
				CLANG_WARN_OBJC_ROOT_CLASS = YES_ERROR;
				CLANG_WARN_QUOTED_INCLUDE_IN_FRAMEWORK_HEADER = YES;
				CLANG_WARN_RANGE_LOOP_ANALYSIS = YES;
				CLANG_WARN_STRICT_PROTOTYPES = YES;
				CLANG_WARN_SUSPICIOUS_MOVE = YES;
				CLANG_WARN_UNGUARDED_AVAILABILITY = YES_AGGRESSIVE;
				CLANG_WARN_UNREACHABLE_CODE = YES;
				CLANG_WARN__DUPLICATE_METHOD_MATCH = YES;
				COPY_PHASE_STRIP = NO;
				DEBUG_INFORMATION_FORMAT = dwarf;
				ENABLE_STRICT_OBJC_MSGSEND = YES;
				ENABLE_TESTABILITY = YES;
				GCC_C_LANGUAGE_STANDARD = gnu11;
				GCC_DYNAMIC_NO_PIC = NO;
				GCC_NO_COMMON_BLOCKS = YES;
				GCC_OPTIMIZATION_LEVEL = 0;
				GCC_PREPROCESSOR_DEFINITIONS = (
					"DEBUG=1",
					"$(inherited)",
				);
				GCC_WARN_64_TO_32_BIT_CONVERSION = YES;
				GCC_WARN_ABOUT_RETURN_TYPE = YES_ERROR;
				GCC_WARN_UNDECLARED_SELECTOR = YES;
				GCC_WARN_UNINITIALIZED_AUTOS = YES_AGGRESSIVE;
				GCC_WARN_UNUSED_FUNCTION = YES;
				GCC_WARN_UNUSED_VARIABLE = YES;
				IPHONEOS_DEPLOYMENT_TARGET = 14.5;
				MTL_ENABLE_DEBUG_INFO = INCLUDE_SOURCE;
				MTL_FAST_MATH = YES;
				ONLY_ACTIVE_ARCH = YES;
				SDKROOT = iphoneos;
				SWIFT_ACTIVE_COMPILATION_CONDITIONS = DEBUG;
				SWIFT_OPTIMIZATION_LEVEL = "-Onone";
			};
			name = Debug;
		};
		443B879526B9B5AA00F3CC6C /* Release */ = {
			isa = XCBuildConfiguration;
			buildSettings = {
				ALWAYS_SEARCH_USER_PATHS = NO;
				CLANG_ANALYZER_NONNULL = YES;
				CLANG_ANALYZER_NUMBER_OBJECT_CONVERSION = YES_AGGRESSIVE;
				CLANG_CXX_LANGUAGE_STANDARD = "gnu++14";
				CLANG_CXX_LIBRARY = "libc++";
				CLANG_ENABLE_MODULES = YES;
				CLANG_ENABLE_OBJC_ARC = YES;
				CLANG_ENABLE_OBJC_WEAK = YES;
				CLANG_WARN_BLOCK_CAPTURE_AUTORELEASING = YES;
				CLANG_WARN_BOOL_CONVERSION = YES;
				CLANG_WARN_COMMA = YES;
				CLANG_WARN_CONSTANT_CONVERSION = YES;
				CLANG_WARN_DEPRECATED_OBJC_IMPLEMENTATIONS = YES;
				CLANG_WARN_DIRECT_OBJC_ISA_USAGE = YES_ERROR;
				CLANG_WARN_DOCUMENTATION_COMMENTS = YES;
				CLANG_WARN_EMPTY_BODY = YES;
				CLANG_WARN_ENUM_CONVERSION = YES;
				CLANG_WARN_INFINITE_RECURSION = YES;
				CLANG_WARN_INT_CONVERSION = YES;
				CLANG_WARN_NON_LITERAL_NULL_CONVERSION = YES;
				CLANG_WARN_OBJC_IMPLICIT_RETAIN_SELF = YES;
				CLANG_WARN_OBJC_LITERAL_CONVERSION = YES;
				CLANG_WARN_OBJC_ROOT_CLASS = YES_ERROR;
				CLANG_WARN_QUOTED_INCLUDE_IN_FRAMEWORK_HEADER = YES;
				CLANG_WARN_RANGE_LOOP_ANALYSIS = YES;
				CLANG_WARN_STRICT_PROTOTYPES = YES;
				CLANG_WARN_SUSPICIOUS_MOVE = YES;
				CLANG_WARN_UNGUARDED_AVAILABILITY = YES_AGGRESSIVE;
				CLANG_WARN_UNREACHABLE_CODE = YES;
				CLANG_WARN__DUPLICATE_METHOD_MATCH = YES;
				COPY_PHASE_STRIP = NO;
				DEBUG_INFORMATION_FORMAT = "dwarf-with-dsym";
				ENABLE_NS_ASSERTIONS = NO;
				ENABLE_STRICT_OBJC_MSGSEND = YES;
				GCC_C_LANGUAGE_STANDARD = gnu11;
				GCC_NO_COMMON_BLOCKS = YES;
				GCC_WARN_64_TO_32_BIT_CONVERSION = YES;
				GCC_WARN_ABOUT_RETURN_TYPE = YES_ERROR;
				GCC_WARN_UNDECLARED_SELECTOR = YES;
				GCC_WARN_UNINITIALIZED_AUTOS = YES_AGGRESSIVE;
				GCC_WARN_UNUSED_FUNCTION = YES;
				GCC_WARN_UNUSED_VARIABLE = YES;
				IPHONEOS_DEPLOYMENT_TARGET = 14.5;
				MTL_ENABLE_DEBUG_INFO = NO;
				MTL_FAST_MATH = YES;
				SDKROOT = iphoneos;
				SWIFT_COMPILATION_MODE = wholemodule;
				SWIFT_OPTIMIZATION_LEVEL = "-O";
				VALIDATE_PRODUCT = YES;
			};
			name = Release;
		};
		443B879726B9B5AA00F3CC6C /* Debug */ = {
			isa = XCBuildConfiguration;
			buildSettings = {
				ASSETCATALOG_COMPILER_APPICON_NAME = AppIcon;
				ASSETCATALOG_COMPILER_GLOBAL_ACCENT_COLOR_NAME = AccentColor;
				CODE_SIGN_STYLE = Automatic;
				INFOPLIST_FILE = "Recycl-ED/Info.plist";
				LD_RUNPATH_SEARCH_PATHS = (
					"$(inherited)",
					"@executable_path/Frameworks",
				);
				PRODUCT_BUNDLE_IDENTIFIER = "com.example.briannakwan.Recycl-ED";
				PRODUCT_NAME = "$(TARGET_NAME)";
				SWIFT_VERSION = 5.0;
				TARGETED_DEVICE_FAMILY = "1,2";
			};
			name = Debug;
		};
		443B879826B9B5AA00F3CC6C /* Release */ = {
			isa = XCBuildConfiguration;
			buildSettings = {
				ASSETCATALOG_COMPILER_APPICON_NAME = AppIcon;
				ASSETCATALOG_COMPILER_GLOBAL_ACCENT_COLOR_NAME = AccentColor;
				CODE_SIGN_STYLE = Automatic;
				INFOPLIST_FILE = "Recycl-ED/Info.plist";
				LD_RUNPATH_SEARCH_PATHS = (
					"$(inherited)",
					"@executable_path/Frameworks",
				);
				PRODUCT_BUNDLE_IDENTIFIER = "com.example.briannakwan.Recycl-ED";
				PRODUCT_NAME = "$(TARGET_NAME)";
				SWIFT_VERSION = 5.0;
				TARGETED_DEVICE_FAMILY = "1,2";
			};
			name = Release;
		};
/* End XCBuildConfiguration section */

/* Begin XCConfigurationList section */
		443B877A26B9B5A500F3CC6C /* Build configuration list for PBXProject "Recycl-ED" */ = {
			isa = XCConfigurationList;
			buildConfigurations = (
				443B879426B9B5AA00F3CC6C /* Debug */,
				443B879526B9B5AA00F3CC6C /* Release */,
			);
			defaultConfigurationIsVisible = 0;
			defaultConfigurationName = Release;
		};
		443B879626B9B5AA00F3CC6C /* Build configuration list for PBXNativeTarget "Recycl-ED" */ = {
			isa = XCConfigurationList;
			buildConfigurations = (
				443B879726B9B5AA00F3CC6C /* Debug */,
				443B879826B9B5AA00F3CC6C /* Release */,
			);
			defaultConfigurationIsVisible = 0;
			defaultConfigurationName = Release;
		};
/* End XCConfigurationList section */

/* Begin XCVersionGroup section */
		443B878B26B9B5A500F3CC6C /* Recycl_ED.xcdatamodeld */ = {
			isa = XCVersionGroup;
			children = (
				443B878C26B9B5A500F3CC6C /* Recycl_ED.xcdatamodel */,
			);
			currentVersion = 443B878C26B9B5A500F3CC6C /* Recycl_ED.xcdatamodel */;
			path = Recycl_ED.xcdatamodeld;
			sourceTree = "<group>";
			versionGroupType = wrapper.xcdatamodel;
		};
/* End XCVersionGroup section */
	};
	rootObject = 443B877726B9B5A500F3CC6C /* Project object */;
}
